
Microsoft Visual Studio Solution File, Format Version 12.00
Project("{FAE04EC0-301F-11D3-BF4B-00C04F79EFBC}") = "CampusNetCheckerService", "CampusNetCheckerService\CampusNetCheckerService.csproj", "{996F70A6-3B95-42A0-A950-6EEBF2B1308D}"
EndProject
Global
	GlobalSection(SolutionConfigurationPlatforms) = preSolution
		Debug|Any CPU = Debug|Any CPU
		Release|Any CPU = Release|Any CPU
	EndGlobalSection
	GlobalSection(ProjectConfigurationPlatforms) = postSolution
		{996F70A6-3B95-42A0-A950-6EEBF2B1308D}.Debug|Any CPU.ActiveCfg = Debug|Any CPU
		{996F70A6-3B95-42A0-A950-6EEBF2B1308D}.Debug|Any CPU.Build.0 = Debug|Any CPU
		{996F70A6-3B95-42A0-A950-6EEBF2B1308D}.Release|Any CPU.ActiveCfg = Release|Any CPU
		{996F70A6-3B95-42A0-A950-6EEBF2B1308D}.Release|Any CPU.Build.0 = Release|Any CPU
	EndGlobalSection
EndGlobal
